// !$*UTF8*$!
{
	archiveVersion = 1;
	classes = {
	};
	objectVersion = 50;
	objects = {

/* Begin PBXBuildFile section */
		745789E62642594600A60B7F /* Main.storyboard in Resources */ = {isa = PBXBuildFile; fileRef = 745789E42642594600A60B7F /* Main.storyboard */; };
		745789E82642594700A60B7F /* Assets.xcassets in Resources */ = {isa = PBXBuildFile; fileRef = 745789E72642594700A60B7F /* Assets.xcassets */; };
		745789EB2642594700A60B7F /* LaunchScreen.storyboard in Resources */ = {isa = PBXBuildFile; fileRef = 745789E92642594700A60B7F /* LaunchScreen.storyboard */; };
		745789EE2642594700A60B7F /* main.m in Sources */ = {isa = PBXBuildFile; fileRef = 745789ED2642594700A60B7F /* main.m */; };
		74578A022642598700A60B7F /* AppDelegate.m in Sources */ = {isa = PBXBuildFile; fileRef = 745789DC2642594600A60B7F /* AppDelegate.m */; };
		74578A0826425CE400A60B7F /* libcode.a in Frameworks */ = {isa = PBXBuildFile; fileRef = 745789F82642597E00A60B7F /* libcode.a */; };
		74578A0B26425D2700A60B7F /* SceneDelegate.m in Sources */ = {isa = PBXBuildFile; fileRef = 745789DF2642594600A60B7F /* SceneDelegate.m */; };
		74578A0C26425D2A00A60B7F /* ViewController.m in Sources */ = {isa = PBXBuildFile; fileRef = 745789E22642594600A60B7F /* ViewController.m */; };
/* End PBXBuildFile section */

/* Begin PBXContainerItemProxy section */
		74578A0926425CE400A60B7F /* PBXContainerItemProxy */ = {
			isa = PBXContainerItemProxy;
			containerPortal = 745789D02642594600A60B7F /* Project object */;
			proxyType = 1;
			remoteGlobalIDString = 745789F72642597E00A60B7F;
			remoteInfo = code;
		};
/* End PBXContainerItemProxy section */

/* Begin PBXCopyFilesBuildPhase section */
		745789F62642597E00A60B7F /* CopyFiles */ = {
			isa = PBXCopyFilesBuildPhase;
			buildActionMask = 2147483647;
			dstPath = "include/$(PRODUCT_NAME)";
			dstSubfolderSpec = 16;
			files = (
			);
			runOnlyForDeploymentPostprocessing = 0;
		};
/* End PBXCopyFilesBuildPhase section */

/* Begin PBXFileReference section */
		745789D82642594600A60B7F /* link.app */ = {isa = PBXFileReference; explicitFileType = wrapper.application; includeInIndex = 0; path = link.app; sourceTree = BUILT_PRODUCTS_DIR; };
		745789DB2642594600A60B7F /* AppDelegate.h */ = {isa = PBXFileReference; lastKnownFileType = sourcecode.c.h; path = AppDelegate.h; sourceTree = "<group>"; };
		745789DC2642594600A60B7F /* AppDelegate.m */ = {isa = PBXFileReference; lastKnownFileType = sourcecode.c.objc; path = AppDelegate.m; sourceTree = "<group>"; };
		745789DE2642594600A60B7F /* SceneDelegate.h */ = {isa = PBXFileReference; lastKnownFileType = sourcecode.c.h; path = SceneDelegate.h; sourceTree = "<group>"; };
		745789DF2642594600A60B7F /* SceneDelegate.m */ = {isa = PBXFileReference; lastKnownFileType = sourcecode.c.objc; path = SceneDelegate.m; sourceTree = "<group>"; };
		745789E12642594600A60B7F /* ViewController.h */ = {isa = PBXFileReference; lastKnownFileType = sourcecode.c.h; path = ViewController.h; sourceTree = "<group>"; };
		745789E22642594600A60B7F /* ViewController.m */ = {isa = PBXFileReference; lastKnownFileType = sourcecode.c.objc; path = ViewController.m; sourceTree = "<group>"; };
		745789E52642594600A60B7F /* Base */ = {isa = PBXFileReference; lastKnownFileType = file.storyboard; name = Base; path = Base.lproj/Main.storyboard; sourceTree = "<group>"; };
		745789E72642594700A60B7F /* Assets.xcassets */ = {isa = PBXFileReference; lastKnownFileType = folder.assetcatalog; path = Assets.xcassets; sourceTree = "<group>"; };
		745789EA2642594700A60B7F /* Base */ = {isa = PBXFileReference; lastKnownFileType = file.storyboard; name = Base; path = Base.lproj/LaunchScreen.storyboard; sourceTree = "<group>"; };
		745789EC2642594700A60B7F /* Info.plist */ = {isa = PBXFileReference; lastKnownFileType = text.plist.xml; path = Info.plist; sourceTree = "<group>"; };
		745789ED2642594700A60B7F /* main.m */ = {isa = PBXFileReference; lastKnownFileType = sourcecode.c.objc; path = main.m; sourceTree = "<group>"; };
		745789F82642597E00A60B7F /* libcode.a */ = {isa = PBXFileReference; explicitFileType = archive.ar; includeInIndex = 0; path = libcode.a; sourceTree = BUILT_PRODUCTS_DIR; };
/* End PBXFileReference section */

/* Begin PBXFrameworksBuildPhase section */
		745789D52642594600A60B7F /* Frameworks */ = {
			isa = PBXFrameworksBuildPhase;
			buildActionMask = 2147483647;
			files = (
				74578A0826425CE400A60B7F /* libcode.a in Frameworks */,
			);
			runOnlyForDeploymentPostprocessing = 0;
		};
		745789F52642597E00A60B7F /* Frameworks */ = {
			isa = PBXFrameworksBuildPhase;
			buildActionMask = 2147483647;
			files = (
			);
			runOnlyForDeploymentPostprocessing = 0;
		};
/* End PBXFrameworksBuildPhase section */

/* Begin PBXGroup section */
		745789CF2642594600A60B7F = {
			isa = PBXGroup;
			children = (
				745789DA2642594600A60B7F /* link */,
				745789F92642597F00A60B7F /* code */,
				745789D92642594600A60B7F /* Products */,
				74578A04264259A000A60B7F /* Frameworks */,
			);
			sourceTree = "<group>";
		};
		745789D92642594600A60B7F /* Products */ = {
			isa = PBXGroup;
			children = (
				745789D82642594600A60B7F /* link.app */,
				745789F82642597E00A60B7F /* libcode.a */,
			);
			name = Products;
			sourceTree = "<group>";
		};
		745789DA2642594600A60B7F /* link */ = {
			isa = PBXGroup;
			children = (
				745789E42642594600A60B7F /* Main.storyboard */,
				745789E72642594700A60B7F /* Assets.xcassets */,
				745789E92642594700A60B7F /* LaunchScreen.storyboard */,
				745789EC2642594700A60B7F /* Info.plist */,
				745789ED2642594700A60B7F /* main.m */,
			);
			path = link;
			sourceTree = "<group>";
		};
		745789F92642597F00A60B7F /* code */ = {
			isa = PBXGroup;
			children = (
				745789DB2642594600A60B7F /* AppDelegate.h */,
				745789DC2642594600A60B7F /* AppDelegate.m */,
				745789DE2642594600A60B7F /* SceneDelegate.h */,
				745789DF2642594600A60B7F /* SceneDelegate.m */,
				745789E12642594600A60B7F /* ViewController.h */,
				745789E22642594600A60B7F /* ViewController.m */,
			);
			path = code;
			sourceTree = "<group>";
		};
		74578A04264259A000A60B7F /* Frameworks */ = {
			isa = PBXGroup;
			children = (
			);
			name = Frameworks;
			sourceTree = "<group>";
		};
/* End PBXGroup section */

/* Begin PBXNativeTarget section */
		745789D72642594600A60B7F /* link */ = {
			isa = PBXNativeTarget;
			buildConfigurationList = 745789F12642594700A60B7F /* Build configuration list for PBXNativeTarget "link" */;
			buildPhases = (
				745789D42642594600A60B7F /* Sources */,
				745789D52642594600A60B7F /* Frameworks */,
				745789D62642594600A60B7F /* Resources */,
			);
			buildRules = (
			);
			dependencies = (
				74578A0A26425CE400A60B7F /* PBXTargetDependency */,
			);
			name = link;
			productName = link;
			productReference = 745789D82642594600A60B7F /* link.app */;
			productType = "com.apple.product-type.application";
		};
		745789F72642597E00A60B7F /* code */ = {
			isa = PBXNativeTarget;
			buildConfigurationList = 745789FE2642597F00A60B7F /* Build configuration list for PBXNativeTarget "code" */;
			buildPhases = (
				745789F42642597E00A60B7F /* Sources */,
				745789F52642597E00A60B7F /* Frameworks */,
				745789F62642597E00A60B7F /* CopyFiles */,
			);
			buildRules = (
			);
			dependencies = (
			);
			name = code;
			productName = code;
			productReference = 745789F82642597E00A60B7F /* libcode.a */;
			productType = "com.apple.product-type.library.static";
		};
/* End PBXNativeTarget section */

/* Begin PBXProject section */
		745789D02642594600A60B7F /* Project object */ = {
			isa = PBXProject;
			attributes = {
				LastUpgradeCheck = 1250;
				TargetAttributes = {
					745789D72642594600A60B7F = {
						CreatedOnToolsVersion = 12.5;
					};
					745789F72642597E00A60B7F = {
						CreatedOnToolsVersion = 12.5;
					};
				};
			};
			buildConfigurationList = 745789D32642594600A60B7F /* Build configuration list for PBXProject "link" */;
			compatibilityVersion = "Xcode 9.3";
			developmentRegion = en;
			hasScannedForEncodings = 0;
			knownRegions = (
				en,
				Base,
			);
			mainGroup = 745789CF2642594600A60B7F;
			productRefGroup = 745789D92642594600A60B7F /* Products */;
			projectDirPath = "";
			projectRoot = "";
			targets = (
				745789D72642594600A60B7F /* link */,
				745789F72642597E00A60B7F /* code */,
			);
		};
/* End PBXProject section */

/* Begin PBXResourcesBuildPhase section */
		745789D62642594600A60B7F /* Resources */ = {
			isa = PBXResourcesBuildPhase;
			buildActionMask = 2147483647;
			files = (
				745789EB2642594700A60B7F /* LaunchScreen.storyboard in Resources */,
				745789E82642594700A60B7F /* Assets.xcassets in Resources */,
				745789E62642594600A60B7F /* Main.storyboard in Resources */,
			);
			runOnlyForDeploymentPostprocessing = 0;
		};
/* End PBXResourcesBuildPhase section */

/* Begin PBXSourcesBuildPhase section */
		745789D42642594600A60B7F /* Sources */ = {
			isa = PBXSourcesBuildPhase;
			buildActionMask = 2147483647;
			files = (
				745789EE2642594700A60B7F /* main.m in Sources */,
			);
			runOnlyForDeploymentPostprocessing = 0;
		};
		745789F42642597E00A60B7F /* Sources */ = {
			isa = PBXSourcesBuildPhase;
			buildActionMask = 2147483647;
			files = (
				74578A0C26425D2A00A60B7F /* ViewController.m in Sources */,
				74578A022642598700A60B7F /* AppDelegate.m in Sources */,
				74578A0B26425D2700A60B7F /* SceneDelegate.m in Sources */,
			);
			runOnlyForDeploymentPostprocessing = 0;
		};
/* End PBXSourcesBuildPhase section */

/* Begin PBXTargetDependency section */
		74578A0A26425CE400A60B7F /* PBXTargetDependency */ = {
			isa = PBXTargetDependency;
			target = 745789F72642597E00A60B7F /* code */;
			targetProxy = 74578A0926425CE400A60B7F /* PBXContainerItemProxy */;
		};
/* End PBXTargetDependency section */

/* Begin PBXVariantGroup section */
		745789E42642594600A60B7F /* Main.storyboard */ = {
			isa = PBXVariantGroup;
			children = (
				745789E52642594600A60B7F /* Base */,
			);
			name = Main.storyboard;
			sourceTree = "<group>";
		};
		745789E92642594700A60B7F /* LaunchScreen.storyboard */ = {
			isa = PBXVariantGroup;
			children = (
				745789EA2642594700A60B7F /* Base */,
			);
			name = LaunchScreen.storyboard;
			sourceTree = "<group>";
		};
/* End PBXVariantGroup section */

/* Begin XCBuildConfiguration section */
		745789EF2642594700A60B7F /* Debug */ = {
			isa = XCBuildConfiguration;
			buildSettings = {
				ALWAYS_SEARCH_USER_PATHS = NO;
				CLANG_ANALYZER_NONNULL = YES;
				CLANG_ANALYZER_NUMBER_OBJECT_CONVERSION = YES_AGGRESSIVE;
				CLANG_CXX_LANGUAGE_STANDARD = "gnu++14";
				CLANG_CXX_LIBRARY = "libc++";
				CLANG_ENABLE_MODULES = YES;
				CLANG_ENABLE_OBJC_ARC = YES;
				CLANG_ENABLE_OBJC_WEAK = YES;
				CLANG_WARN_BLOCK_CAPTURE_AUTORELEASING = YES;
				CLANG_WARN_BOOL_CONVERSION = YES;
				CLANG_WARN_COMMA = YES;
				CLANG_WARN_CONSTANT_CONVERSION = YES;
				CLANG_WARN_DEPRECATED_OBJC_IMPLEMENTATIONS = YES;
				CLANG_WARN_DIRECT_OBJC_ISA_USAGE = YES_ERROR;
				CLANG_WARN_DOCUMENTATION_COMMENTS = YES;
				CLANG_WARN_EMPTY_BODY = YES;
				CLANG_WARN_ENUM_CONVERSION = YES;
				CLANG_WARN_INFINITE_RECURSION = YES;
				CLANG_WARN_INT_CONVERSION = YES;
				CLANG_WARN_NON_LITERAL_NULL_CONVERSION = YES;
				CLANG_WARN_OBJC_IMPLICIT_RETAIN_SELF = YES;
				CLANG_WARN_OBJC_LITERAL_CONVERSION = YES;
				CLANG_WARN_OBJC_ROOT_CLASS = YES_ERROR;
				CLANG_WARN_QUOTED_INCLUDE_IN_FRAMEWORK_HEADER = YES;
				CLANG_WARN_RANGE_LOOP_ANALYSIS = YES;
				CLANG_WARN_STRICT_PROTOTYPES = YES;
				CLANG_WARN_SUSPICIOUS_MOVE = YES;
				CLANG_WARN_UNGUARDED_AVAILABILITY = YES_AGGRESSIVE;
				CLANG_WARN_UNREACHABLE_CODE = YES;
				CLANG_WARN__DUPLICATE_METHOD_MATCH = YES;
				DEBUG_INFORMATION_FORMAT = dwarf;
				ENABLE_BITCODE = NO;
				ENABLE_STRICT_OBJC_MSGSEND = YES;
				ENABLE_TESTABILITY = YES;
				GCC_C_LANGUAGE_STANDARD = gnu11;
				GCC_DYNAMIC_NO_PIC = NO;
				GCC_NO_COMMON_BLOCKS = YES;
				GCC_OPTIMIZATION_LEVEL = 0;
				GCC_PREPROCESSOR_DEFINITIONS = (
					"DEBUG=1",
					"$(inherited)",
				);
				GCC_WARN_64_TO_32_BIT_CONVERSION = YES;
				GCC_WARN_ABOUT_RETURN_TYPE = YES_ERROR;
				GCC_WARN_UNDECLARED_SELECTOR = YES;
				GCC_WARN_UNINITIALIZED_AUTOS = YES_AGGRESSIVE;
				GCC_WARN_UNUSED_FUNCTION = YES;
				GCC_WARN_UNUSED_VARIABLE = YES;
				IPHONEOS_DEPLOYMENT_TARGET = 14.5;
				MTL_ENABLE_DEBUG_INFO = INCLUDE_SOURCE;
				MTL_FAST_MATH = YES;
				ONLY_ACTIVE_ARCH = YES;
				OTHER_LDFLAGS = "-ObjC";
				SDKROOT = iphoneos;
			};
			name = Debug;
		};
		745789F02642594700A60B7F /* Release */ = {
			isa = XCBuildConfiguration;
			buildSettings = {
				ALWAYS_SEARCH_USER_PATHS = NO;
				CLANG_ANALYZER_NONNULL = YES;
				CLANG_ANALYZER_NUMBER_OBJECT_CONVERSION = YES_AGGRESSIVE;
				CLANG_CXX_LANGUAGE_STANDARD = "gnu++14";
				CLANG_CXX_LIBRARY = "libc++";
				CLANG_ENABLE_MODULES = YES;
				CLANG_ENABLE_OBJC_ARC = YES;
				CLANG_ENABLE_OBJC_WEAK = YES;
				CLANG_WARN_BLOCK_CAPTURE_AUTORELEASING = YES;
				CLANG_WARN_BOOL_CONVERSION = YES;
				CLANG_WARN_COMMA = YES;
				CLANG_WARN_CONSTANT_CONVERSION = YES;
				CLANG_WARN_DEPRECATED_OBJC_IMPLEMENTATIONS = YES;
				CLANG_WARN_DIRECT_OBJC_ISA_USAGE = YES_ERROR;
				CLANG_WARN_DOCUMENTATION_COMMENTS = YES;
				CLANG_WARN_EMPTY_BODY = YES;
				CLANG_WARN_ENUM_CONVERSION = YES;
				CLANG_WARN_INFINITE_RECURSION = YES;
				CLANG_WARN_INT_CONVERSION = YES;
				CLANG_WARN_NON_LITERAL_NULL_CONVERSION = YES;
				CLANG_WARN_OBJC_IMPLICIT_RETAIN_SELF = YES;
				CLANG_WARN_OBJC_LITERAL_CONVERSION = YES;
				CLANG_WARN_OBJC_ROOT_CLASS = YES_ERROR;
				CLANG_WARN_QUOTED_INCLUDE_IN_FRAMEWORK_HEADER = YES;
				CLANG_WARN_RANGE_LOOP_ANALYSIS = YES;
				CLANG_WARN_STRICT_PROTOTYPES = YES;
				CLANG_WARN_SUSPICIOUS_MOVE = YES;
				CLANG_WARN_UNGUARDED_AVAILABILITY = YES_AGGRESSIVE;
				CLANG_WARN_UNREACHABLE_CODE = YES;
				CLANG_WARN__DUPLICATE_METHOD_MATCH = YES;
				DEBUG_INFORMATION_FORMAT = "dwarf-with-dsym";
				ENABLE_BITCODE = NO;
				ENABLE_NS_ASSERTIONS = NO;
				ENABLE_STRICT_OBJC_MSGSEND = YES;
				GCC_C_LANGUAGE_STANDARD = gnu11;
				GCC_NO_COMMON_BLOCKS = YES;
				GCC_WARN_64_TO_32_BIT_CONVERSION = YES;
				GCC_WARN_ABOUT_RETURN_TYPE = YES_ERROR;
				GCC_WARN_UNDECLARED_SELECTOR = YES;
				GCC_WARN_UNINITIALIZED_AUTOS = YES_AGGRESSIVE;
				GCC_WARN_UNUSED_FUNCTION = YES;
				GCC_WARN_UNUSED_VARIABLE = YES;
				IPHONEOS_DEPLOYMENT_TARGET = 14.5;
				MTL_ENABLE_DEBUG_INFO = NO;
				MTL_FAST_MATH = YES;
				OTHER_LDFLAGS = "-ObjC";
				SDKROOT = iphoneos;
				VALIDATE_PRODUCT = YES;
			};
			name = Release;
		};
		745789F22642594700A60B7F /* Debug */ = {
			isa = XCBuildConfiguration;
			buildSettings = {
				ASSETCATALOG_COMPILER_APPICON_NAME = AppIcon;
				ASSETCATALOG_COMPILER_GLOBAL_ACCENT_COLOR_NAME = AccentColor;
				CODE_SIGN_STYLE = Automatic;
				DEAD_CODE_STRIPPING = YES;
				DEVELOPMENT_TEAM = Q6G7983F6U;
				INFOPLIST_FILE = link/Info.plist;
				LD_GENERATE_MAP_FILE = YES;
				LD_RUNPATH_SEARCH_PATHS = (
					"$(inherited)",
					"@executable_path/Frameworks",
				);
				OTHER_LDFLAGS = (
					"-ObjC",
					"-Wl,-save-temps",
					"-Wl,-print_statistics",
					"-Wl,-mllvm,-time-passes",
				);
				PRODUCT_BUNDLE_IDENTIFIER = codes.indigo.link;
				PRODUCT_NAME = "$(TARGET_NAME)";
				TARGETED_DEVICE_FAMILY = "1,2";
			};
			name = Debug;
		};
		745789F32642594700A60B7F /* Release */ = {
			isa = XCBuildConfiguration;
			buildSettings = {
				ASSETCATALOG_COMPILER_APPICON_NAME = AppIcon;
				ASSETCATALOG_COMPILER_GLOBAL_ACCENT_COLOR_NAME = AccentColor;
				CODE_SIGN_STYLE = Automatic;
				DEAD_CODE_STRIPPING = YES;
				DEVELOPMENT_TEAM = Q6G7983F6U;
				INFOPLIST_FILE = link/Info.plist;
				LD_GENERATE_MAP_FILE = YES;
				LD_RUNPATH_SEARCH_PATHS = (
					"$(inherited)",
					"@executable_path/Frameworks",
				);
				OTHER_LDFLAGS = (
					"-ObjC",
					"-Wl,-save-temps",
					"-Wl,-print_statistics",
					"-Wl,-mllvm,-time-passes",
				);
				PRODUCT_BUNDLE_IDENTIFIER = codes.indigo.link;
				PRODUCT_NAME = "$(TARGET_NAME)";
				TARGETED_DEVICE_FAMILY = "1,2";
			};
			name = Release;
		};
		745789FF2642597F00A60B7F /* Debug */ = {
			isa = XCBuildConfiguration;
			buildSettings = {
				CODE_SIGN_STYLE = Automatic;
				DEVELOPMENT_TEAM = Q6G7983F6U;
				OTHER_LDFLAGS = "-ObjC";
				PRODUCT_NAME = "$(TARGET_NAME)";
				SKIP_INSTALL = YES;
				TARGETED_DEVICE_FAMILY = "1,2";
			};
			name = Debug;
		};
		74578A002642597F00A60B7F /* Release */ = {
			isa = XCBuildConfiguration;
			buildSettings = {
				CODE_SIGN_STYLE = Automatic;
				DEVELOPMENT_TEAM = Q6G7983F6U;
				OTHER_LDFLAGS = "-ObjC";
				PRODUCT_NAME = "$(TARGET_NAME)";
				SKIP_INSTALL = YES;
				TARGETED_DEVICE_FAMILY = "1,2";
			};
			name = Release;
		};
/* End XCBuildConfiguration section */

/* Begin XCConfigurationList section */
		745789D32642594600A60B7F /* Build configuration list for PBXProject "link" */ = {
			isa = XCConfigurationList;
			buildConfigurations = (
				745789EF2642594700A60B7F /* Debug */,
				745789F02642594700A60B7F /* Release */,
			);
			defaultConfigurationIsVisible = 0;
			defaultConfigurationName = Release;
		};
		745789F12642594700A60B7F /* Build configuration list for PBXNativeTarget "link" */ = {
			isa = XCConfigurationList;
			buildConfigurations = (
				745789F22642594700A60B7F /* Debug */,
				745789F32642594700A60B7F /* Release */,
			);
			defaultConfigurationIsVisible = 0;
			defaultConfigurationName = Release;
		};
		745789FE2642597F00A60B7F /* Build configuration list for PBXNativeTarget "code" */ = {
			isa = XCConfigurationList;
			buildConfigurations = (
				745789FF2642597F00A60B7F /* Debug */,
				74578A002642597F00A60B7F /* Release */,
			);
			defaultConfigurationIsVisible = 0;
			defaultConfigurationName = Release;
		};
/* End XCConfigurationList section */
	};
	rootObject = 745789D02642594600A60B7F /* Project object */;
}
